
Microsoft Visual Studio Solution File, Format Version 12.00
# Visual Studio 15
VisualStudioVersion = 15.0.27130.2003
MinimumVisualStudioVersion = 10.0.40219.1
Project("{FAE04EC0-301F-11D3-BF4B-00C04F79EFBC}") = "Bell", "Bell\Bell.csproj", "{62AF9D08-B3AF-4BA4-BF5E-F252FB854337}"
EndProject
Global
	GlobalSection(SolutionConfigurationPlatforms) = preSolution
		Debug|Any CPU = Debug|Any CPU
		Release|Any CPU = Release|Any CPU
	EndGlobalSection
	GlobalSection(ProjectConfigurationPlatforms) = postSolution
		{62AF9D08-B3AF-4BA4-BF5E-F252FB854337}.Debug|Any CPU.ActiveCfg = Debug|Any CPU
		{62AF9D08-B3AF-4BA4-BF5E-F252FB854337}.Debug|Any CPU.Build.0 = Debug|Any CPU
		{62AF9D08-B3AF-4BA4-BF5E-F252FB854337}.Release|Any CPU.ActiveCfg = Release|Any CPU
		{62AF9D08-B3AF-4BA4-BF5E-F252FB854337}.Release|Any CPU.Build.0 = Release|Any CPU
	EndGlobalSection
	GlobalSection(SolutionProperties) = preSolution
		HideSolutionNode = FALSE
	EndGlobalSection
	GlobalSection(ExtensibilityGlobals) = postSolution
		SolutionGuid = {090CAAEF-51DF-4E62-88F8-AA1E72AF7692}
	EndGlobalSection
EndGlobal
